// !$*UTF8*$!
{
	archiveVersion = 1;
	classes = {
	};
	objectVersion = 46;
	objects = {

/* Begin PBXBuildFile section */
		B66E3E3313E9E79C00D2ACF0 /* UIKit.framework in Frameworks */ = {isa = PBXBuildFile; fileRef = B66E3E3213E9E79C00D2ACF0 /* UIKit.framework */; };
		B66E3E3513E9E79C00D2ACF0 /* Foundation.framework in Frameworks */ = {isa = PBXBuildFile; fileRef = B66E3E3413E9E79C00D2ACF0 /* Foundation.framework */; };
		B66E3E3713E9E79C00D2ACF0 /* GLKit.framework in Frameworks */ = {isa = PBXBuildFile; fileRef = B66E3E3613E9E79C00D2ACF0 /* GLKit.framework */; };
		B66E3E3913E9E79C00D2ACF0 /* OpenGLES.framework in Frameworks */ = {isa = PBXBuildFile; fileRef = B66E3E3813E9E79C00D2ACF0 /* OpenGLES.framework */; };
		B66E3E4113E9E79C00D2ACF0 /* main.m in Sources */ = {isa = PBXBuildFile; fileRef = B66E3E4013E9E79C00D2ACF0 /* main.m */; };
		B66E3E4513E9E79C00D2ACF0 /* AppDelegate.m in Sources */ = {isa = PBXBuildFile; fileRef = B66E3E4413E9E79C00D2ACF0 /* AppDelegate.m */; };
		B66E3E4713E9E79C00D2ACF0 /* Sobel.fsh in Resources */ = {isa = PBXBuildFile; fileRef = B66E3E4613E9E79C00D2ACF0 /* Sobel.fsh */; };
		B66E3E4913E9E79C00D2ACF0 /* quadInvertY.vsh in Resources */ = {isa = PBXBuildFile; fileRef = B66E3E4813E9E79C00D2ACF0 /* quadInvertY.vsh */; };
		B66E3E4C13E9E79C00D2ACF0 /* FilterViewController.m in Sources */ = {isa = PBXBuildFile; fileRef = B66E3E4B13E9E79C00D2ACF0 /* FilterViewController.m */; };
		B69AAFE013FC961F00B7125C /* AVFoundation.framework in Frameworks */ = {isa = PBXBuildFile; fileRef = B69AAFDF13FC961F00B7125C /* AVFoundation.framework */; };
		B69AAFE313FC965400B7125C /* CoreVideo.framework in Frameworks */ = {isa = PBXBuildFile; fileRef = B69AAFE213FC965400B7125C /* CoreVideo.framework */; };
		B69AAFE513FC972A00B7125C /* CoreMedia.framework in Frameworks */ = {isa = PBXBuildFile; fileRef = B69AAFE413FC972A00B7125C /* CoreMedia.framework */; };
		DF05AA2416E6614E00911782 /* Canny.fsh in Resources */ = {isa = PBXBuildFile; fileRef = DF05AA2316E6614700911782 /* Canny.fsh */; };
		DF0D63C318F78A3500D51089 /* CoreGraphics.framework in Frameworks */ = {isa = PBXBuildFile; fileRef = DF0D63C218F78A3500D51089 /* CoreGraphics.framework */; };
		DF0D63D718F78DB000D51089 /* MBProgressHUD.m in Sources */ = {isa = PBXBuildFile; fileRef = DF0D63D618F78DB000D51089 /* MBProgressHUD.m */; };
		DF0D63E118F7947800D51089 /* Images.xcassets in Resources */ = {isa = PBXBuildFile; fileRef = DF0D63E018F7947800D51089 /* Images.xcassets */; };
		DF143B7416EB317E006D35F9 /* SobelRGBComposite.fsh in Resources */ = {isa = PBXBuildFile; fileRef = DF143B7116EB316B006D35F9 /* SobelRGBComposite.fsh */; };
		DF143B7516EB317E006D35F9 /* yuv2rgb.fsh in Resources */ = {isa = PBXBuildFile; fileRef = DF143B7216EB316B006D35F9 /* yuv2rgb.fsh */; };
		DF2BE98516E6939600FF0C90 /* SobelCanny.fsh in Resources */ = {isa = PBXBuildFile; fileRef = DF2BE98416E6796E00FF0C90 /* SobelCanny.fsh */; };
		DF2BE98716E69BE000FF0C90 /* StoryBoard_iPhone.storyboard in Resources */ = {isa = PBXBuildFile; fileRef = DF2BE98616E69BE000FF0C90 /* StoryBoard_iPhone.storyboard */; };
		DF2BE98916E69BFC00FF0C90 /* StoryBoard_iPad.storyboard in Resources */ = {isa = PBXBuildFile; fileRef = DF2BE98816E69BFC00FF0C90 /* StoryBoard_iPad.storyboard */; };
		DF3F45581821C7A80069D69F /* quadKernel.vsh in Resources */ = {isa = PBXBuildFile; fileRef = DF3F45561821C4E50069D69F /* quadKernel.vsh */; };
		DF4740B516E6EEFA0073DDB8 /* SobelBlend.fsh in Resources */ = {isa = PBXBuildFile; fileRef = DF4740B416E6EEEC0073DDB8 /* SobelBlend.fsh */; };
		DF4740B716E6F2D10073DDB8 /* CannyComposite.fsh in Resources */ = {isa = PBXBuildFile; fileRef = DF4740B616E6F2B70073DDB8 /* CannyComposite.fsh */; };
		DF59483E16E5B91E00C16079 /* quadPassthrough.vsh in Resources */ = {isa = PBXBuildFile; fileRef = DF59483D16E5B90F00C16079 /* quadPassthrough.vsh */; };
		DF59484016E5BB0900C16079 /* passthrough.fsh in Resources */ = {isa = PBXBuildFile; fileRef = DF59483F16E5BB0000C16079 /* passthrough.fsh */; };
		DF7EE77518F8C16C000CD7AA /* Filters.plist in Resources */ = {isa = PBXBuildFile; fileRef = DF7EE77418F8C16C000CD7AA /* Filters.plist */; };
		DF7EE77718F8C45A000CD7AA /* Shaders.plist in Resources */ = {isa = PBXBuildFile; fileRef = DF7EE77618F8C45A000CD7AA /* Shaders.plist */; };
		DF7EE78218F915A3000CD7AA /* FilterManager.m in Sources */ = {isa = PBXBuildFile; fileRef = DF7EE77D18F915A3000CD7AA /* FilterManager.m */; };
		DF7EE78318F915A3000CD7AA /* QuadModel.m in Sources */ = {isa = PBXBuildFile; fileRef = DF7EE77F18F915A3000CD7AA /* QuadModel.m */; };
		DF7EE78418F915A3000CD7AA /* ShaderManager.m in Sources */ = {isa = PBXBuildFile; fileRef = DF7EE78118F915A3000CD7AA /* ShaderManager.m */; };
		DF93BCCA16E4983C00C062FC /* SobelBW.fsh in Resources */ = {isa = PBXBuildFile; fileRef = DF93BCC816E495B200C062FC /* SobelBW.fsh */; };
		DF9CAE8A1824C18800CE3945 /* blurXPass.fsh in Resources */ = {isa = PBXBuildFile; fileRef = DF9CAE881824C16800CE3945 /* blurXPass.fsh */; };
		DF9CAE8B1824C18800CE3945 /* blurYPass.fsh in Resources */ = {isa = PBXBuildFile; fileRef = DF9CAE891824C16800CE3945 /* blurYPass.fsh */; };
		DFC750F516E5C4340036CDD8 /* SobelBWComposite.fsh in Resources */ = {isa = PBXBuildFile; fileRef = DFC750F416E5C3E80036CDD8 /* SobelBWComposite.fsh */; };
		DFD3A59718EA9BF70032E6C4 /* CannyInverse.fsh in Resources */ = {isa = PBXBuildFile; fileRef = DFD3A59618EA9BF70032E6C4 /* CannyInverse.fsh */; };
/* End PBXBuildFile section */

/* Begin PBXFileReference section */
		B66E3E2E13E9E79C00D2ACF0 /* GLVideoFilter.app */ = {isa = PBXFileReference; explicitFileType = wrapper.application; includeInIndex = 0; path = GLVideoFilter.app; sourceTree = BUILT_PRODUCTS_DIR; };
		B66E3E3213E9E79C00D2ACF0 /* UIKit.framework */ = {isa = PBXFileReference; lastKnownFileType = wrapper.framework; name = UIKit.framework; path = System/Library/Frameworks/UIKit.framework; sourceTree = SDKROOT; };
		B66E3E3413E9E79C00D2ACF0 /* Foundation.framework */ = {isa = PBXFileReference; lastKnownFileType = wrapper.framework; name = Foundation.framework; path = System/Library/Frameworks/Foundation.framework; sourceTree = SDKROOT; };
		B66E3E3613E9E79C00D2ACF0 /* GLKit.framework */ = {isa = PBXFileReference; lastKnownFileType = wrapper.framework; name = GLKit.framework; path = System/Library/Frameworks/GLKit.framework; sourceTree = SDKROOT; };
		B66E3E3813E9E79C00D2ACF0 /* OpenGLES.framework */ = {isa = PBXFileReference; lastKnownFileType = wrapper.framework; name = OpenGLES.framework; path = System/Library/Frameworks/OpenGLES.framework; sourceTree = SDKROOT; };
		B66E3E3C13E9E79C00D2ACF0 /* GLVideoFilter-Info.plist */ = {isa = PBXFileReference; lastKnownFileType = text.plist.xml; path = "GLVideoFilter-Info.plist"; sourceTree = "<group>"; };
		B66E3E4013E9E79C00D2ACF0 /* main.m */ = {isa = PBXFileReference; lastKnownFileType = sourcecode.c.objc; path = main.m; sourceTree = "<group>"; };
		B66E3E4213E9E79C00D2ACF0 /* GLVideoFilter-Prefix.pch */ = {isa = PBXFileReference; lastKnownFileType = sourcecode.c.h; path = "GLVideoFilter-Prefix.pch"; sourceTree = "<group>"; };
		B66E3E4313E9E79C00D2ACF0 /* AppDelegate.h */ = {isa = PBXFileReference; lastKnownFileType = sourcecode.c.h; path = AppDelegate.h; sourceTree = "<group>"; };
		B66E3E4413E9E79C00D2ACF0 /* AppDelegate.m */ = {isa = PBXFileReference; lastKnownFileType = sourcecode.c.objc; path = AppDelegate.m; sourceTree = "<group>"; };
		B66E3E4613E9E79C00D2ACF0 /* Sobel.fsh */ = {isa = PBXFileReference; lastKnownFileType = sourcecode.glsl; name = Sobel.fsh; path = Shaders/Sobel.fsh; sourceTree = "<group>"; };
		B66E3E4813E9E79C00D2ACF0 /* quadInvertY.vsh */ = {isa = PBXFileReference; lastKnownFileType = sourcecode.glsl; name = quadInvertY.vsh; path = Shaders/quadInvertY.vsh; sourceTree = "<group>"; };
		B66E3E4A13E9E79C00D2ACF0 /* FilterViewController.h */ = {isa = PBXFileReference; lastKnownFileType = sourcecode.c.h; path = FilterViewController.h; sourceTree = "<group>"; };
		B66E3E4B13E9E79C00D2ACF0 /* FilterViewController.m */ = {isa = PBXFileReference; lastKnownFileType = sourcecode.c.objc; path = FilterViewController.m; sourceTree = "<group>"; };
		B69AAFDF13FC961F00B7125C /* AVFoundation.framework */ = {isa = PBXFileReference; lastKnownFileType = wrapper.framework; name = AVFoundation.framework; path = System/Library/Frameworks/AVFoundation.framework; sourceTree = SDKROOT; };
		B69AAFE213FC965400B7125C /* CoreVideo.framework */ = {isa = PBXFileReference; lastKnownFileType = wrapper.framework; name = CoreVideo.framework; path = System/Library/Frameworks/CoreVideo.framework; sourceTree = SDKROOT; };
		B69AAFE413FC972A00B7125C /* CoreMedia.framework */ = {isa = PBXFileReference; lastKnownFileType = wrapper.framework; name = CoreMedia.framework; path = System/Library/Frameworks/CoreMedia.framework; sourceTree = SDKROOT; };
		DF05AA2316E6614700911782 /* Canny.fsh */ = {isa = PBXFileReference; lastKnownFileType = sourcecode.glsl; name = Canny.fsh; path = Shaders/Canny.fsh; sourceTree = "<group>"; };
		DF0D63C218F78A3500D51089 /* CoreGraphics.framework */ = {isa = PBXFileReference; lastKnownFileType = wrapper.framework; name = CoreGraphics.framework; path = System/Library/Frameworks/CoreGraphics.framework; sourceTree = SDKROOT; };
		DF0D63D518F78DB000D51089 /* MBProgressHUD.h */ = {isa = PBXFileReference; fileEncoding = 4; lastKnownFileType = sourcecode.c.h; name = MBProgressHUD.h; path = MBProgressHUD/MBProgressHUD.h; sourceTree = SOURCE_ROOT; };
		DF0D63D618F78DB000D51089 /* MBProgressHUD.m */ = {isa = PBXFileReference; fileEncoding = 4; lastKnownFileType = sourcecode.c.objc; name = MBProgressHUD.m; path = MBProgressHUD/MBProgressHUD.m; sourceTree = SOURCE_ROOT; };
		DF0D63E018F7947800D51089 /* Images.xcassets */ = {isa = PBXFileReference; lastKnownFileType = folder.assetcatalog; path = Images.xcassets; sourceTree = "<group>"; };
		DF143B7116EB316B006D35F9 /* SobelRGBComposite.fsh */ = {isa = PBXFileReference; lastKnownFileType = sourcecode.glsl; name = SobelRGBComposite.fsh; path = Shaders/SobelRGBComposite.fsh; sourceTree = "<group>"; };
		DF143B7216EB316B006D35F9 /* yuv2rgb.fsh */ = {isa = PBXFileReference; lastKnownFileType = sourcecode.glsl; name = yuv2rgb.fsh; path = Shaders/yuv2rgb.fsh; sourceTree = "<group>"; };
		DF2BE98416E6796E00FF0C90 /* SobelCanny.fsh */ = {isa = PBXFileReference; lastKnownFileType = sourcecode.glsl; name = SobelCanny.fsh; path = Shaders/SobelCanny.fsh; sourceTree = "<group>"; };
		DF2BE98616E69BE000FF0C90 /* StoryBoard_iPhone.storyboard */ = {isa = PBXFileReference; fileEncoding = 4; lastKnownFileType = file.storyboard; path = StoryBoard_iPhone.storyboard; sourceTree = "<group>"; };
		DF2BE98816E69BFC00FF0C90 /* StoryBoard_iPad.storyboard */ = {isa = PBXFileReference; fileEncoding = 4; lastKnownFileType = file.storyboard; path = StoryBoard_iPad.storyboard; sourceTree = "<group>"; };
		DF3F45561821C4E50069D69F /* quadKernel.vsh */ = {isa = PBXFileReference; fileEncoding = 4; lastKnownFileType = sourcecode.glsl; name = quadKernel.vsh; path = Shaders/quadKernel.vsh; sourceTree = "<group>"; };
		DF4740B416E6EEEC0073DDB8 /* SobelBlend.fsh */ = {isa = PBXFileReference; lastKnownFileType = sourcecode.glsl; name = SobelBlend.fsh; path = Shaders/SobelBlend.fsh; sourceTree = "<group>"; };
		DF4740B616E6F2B70073DDB8 /* CannyComposite.fsh */ = {isa = PBXFileReference; lastKnownFileType = sourcecode.glsl; name = CannyComposite.fsh; path = Shaders/CannyComposite.fsh; sourceTree = "<group>"; };
		DF59483D16E5B90F00C16079 /* quadPassthrough.vsh */ = {isa = PBXFileReference; lastKnownFileType = sourcecode.glsl; name = quadPassthrough.vsh; path = Shaders/quadPassthrough.vsh; sourceTree = "<group>"; };
		DF59483F16E5BB0000C16079 /* passthrough.fsh */ = {isa = PBXFileReference; lastKnownFileType = sourcecode.glsl; name = passthrough.fsh; path = Shaders/passthrough.fsh; sourceTree = "<group>"; };
		DF7EE77418F8C16C000CD7AA /* Filters.plist */ = {isa = PBXFileReference; fileEncoding = 4; lastKnownFileType = text.plist.xml; path = Filters.plist; sourceTree = "<group>"; };
		DF7EE77618F8C45A000CD7AA /* Shaders.plist */ = {isa = PBXFileReference; fileEncoding = 4; lastKnownFileType = text.plist.xml; path = Shaders.plist; sourceTree = "<group>"; };
		DF7EE77C18F915A3000CD7AA /* FilterManager.h */ = {isa = PBXFileReference; fileEncoding = 4; lastKnownFileType = sourcecode.c.h; name = FilterManager.h; path = Classes/FilterManager.h; sourceTree = "<group>"; };
		DF7EE77D18F915A3000CD7AA /* FilterManager.m */ = {isa = PBXFileReference; fileEncoding = 4; lastKnownFileType = sourcecode.c.objc; name = FilterManager.m; path = Classes/FilterManager.m; sourceTree = "<group>"; };
		DF7EE77E18F915A3000CD7AA /* QuadModel.h */ = {isa = PBXFileReference; fileEncoding = 4; lastKnownFileType = sourcecode.c.h; name = QuadModel.h; path = Classes/QuadModel.h; sourceTree = "<group>"; };
		DF7EE77F18F915A3000CD7AA /* QuadModel.m */ = {isa = PBXFileReference; fileEncoding = 4; lastKnownFileType = sourcecode.c.objc; name = QuadModel.m; path = Classes/QuadModel.m; sourceTree = "<group>"; };
		DF7EE78018F915A3000CD7AA /* ShaderManager.h */ = {isa = PBXFileReference; fileEncoding = 4; lastKnownFileType = sourcecode.c.h; name = ShaderManager.h; path = Classes/ShaderManager.h; sourceTree = "<group>"; };
		DF7EE78118F915A3000CD7AA /* ShaderManager.m */ = {isa = PBXFileReference; fileEncoding = 4; lastKnownFileType = sourcecode.c.objc; name = ShaderManager.m; path = Classes/ShaderManager.m; sourceTree = "<group>"; };
		DF93BCC816E495B200C062FC /* SobelBW.fsh */ = {isa = PBXFileReference; fileEncoding = 4; lastKnownFileType = sourcecode.glsl; name = SobelBW.fsh; path = Shaders/SobelBW.fsh; sourceTree = "<group>"; };
		DF9CAE881824C16800CE3945 /* blurXPass.fsh */ = {isa = PBXFileReference; lastKnownFileType = sourcecode.glsl; name = blurXPass.fsh; path = Shaders/blurXPass.fsh; sourceTree = "<group>"; };
		DF9CAE891824C16800CE3945 /* blurYPass.fsh */ = {isa = PBXFileReference; lastKnownFileType = sourcecode.glsl; name = blurYPass.fsh; path = Shaders/blurYPass.fsh; sourceTree = "<group>"; };
		DFC750F416E5C3E80036CDD8 /* SobelBWComposite.fsh */ = {isa = PBXFileReference; lastKnownFileType = sourcecode.glsl; name = SobelBWComposite.fsh; path = Shaders/SobelBWComposite.fsh; sourceTree = "<group>"; };
		DFD3A59618EA9BF70032E6C4 /* CannyInverse.fsh */ = {isa = PBXFileReference; fileEncoding = 4; lastKnownFileType = sourcecode.glsl; name = CannyInverse.fsh; path = Shaders/CannyInverse.fsh; sourceTree = "<group>"; };
/* End PBXFileReference section */

/* Begin PBXFrameworksBuildPhase section */
		B66E3E2B13E9E79C00D2ACF0 /* Frameworks */ = {
			isa = PBXFrameworksBuildPhase;
			buildActionMask = 2147483647;
			files = (
				DF0D63C318F78A3500D51089 /* CoreGraphics.framework in Frameworks */,
				B66E3E3313E9E79C00D2ACF0 /* UIKit.framework in Frameworks */,
				B66E3E3513E9E79C00D2ACF0 /* Foundation.framework in Frameworks */,
				B66E3E3713E9E79C00D2ACF0 /* GLKit.framework in Frameworks */,
				B66E3E3913E9E79C00D2ACF0 /* OpenGLES.framework in Frameworks */,
				B69AAFE013FC961F00B7125C /* AVFoundation.framework in Frameworks */,
				B69AAFE313FC965400B7125C /* CoreVideo.framework in Frameworks */,
				B69AAFE513FC972A00B7125C /* CoreMedia.framework in Frameworks */,
			);
			runOnlyForDeploymentPostprocessing = 0;
		};
/* End PBXFrameworksBuildPhase section */

/* Begin PBXGroup section */
		B66E3E2313E9E79C00D2ACF0 = {
			isa = PBXGroup;
			children = (
				B66E3E3A13E9E79C00D2ACF0 /* GLVideoFilter */,
				B66E3E3113E9E79C00D2ACF0 /* Frameworks */,
				B66E3E2F13E9E79C00D2ACF0 /* Products */,
			);
			sourceTree = "<group>";
		};
		B66E3E2F13E9E79C00D2ACF0 /* Products */ = {
			isa = PBXGroup;
			children = (
				B66E3E2E13E9E79C00D2ACF0 /* GLVideoFilter.app */,
			);
			name = Products;
			sourceTree = "<group>";
		};
		B66E3E3113E9E79C00D2ACF0 /* Frameworks */ = {
			isa = PBXGroup;
			children = (
				DF0D63C218F78A3500D51089 /* CoreGraphics.framework */,
				B69AAFE413FC972A00B7125C /* CoreMedia.framework */,
				B69AAFE213FC965400B7125C /* CoreVideo.framework */,
				B69AAFDF13FC961F00B7125C /* AVFoundation.framework */,
				B66E3E3213E9E79C00D2ACF0 /* UIKit.framework */,
				B66E3E3413E9E79C00D2ACF0 /* Foundation.framework */,
				B66E3E3613E9E79C00D2ACF0 /* GLKit.framework */,
				B66E3E3813E9E79C00D2ACF0 /* OpenGLES.framework */,
			);
			name = Frameworks;
			sourceTree = "<group>";
		};
		B66E3E3A13E9E79C00D2ACF0 /* GLVideoFilter */ = {
			isa = PBXGroup;
			children = (
				B66E3E4313E9E79C00D2ACF0 /* AppDelegate.h */,
				B66E3E4413E9E79C00D2ACF0 /* AppDelegate.m */,
				B66E3E4A13E9E79C00D2ACF0 /* FilterViewController.h */,
				B66E3E4B13E9E79C00D2ACF0 /* FilterViewController.m */,
				DF7EE77B18F8FD80000CD7AA /* Supporting Classes */,
				B66E3E3B13E9E79C00D2ACF0 /* Supporting Files */,
			);
			path = GLVideoFilter;
			sourceTree = "<group>";
		};
		B66E3E3B13E9E79C00D2ACF0 /* Supporting Files */ = {
			isa = PBXGroup;
			children = (
				DF7EE77418F8C16C000CD7AA /* Filters.plist */,
				B66E3E3C13E9E79C00D2ACF0 /* GLVideoFilter-Info.plist */,
				B66E3E4213E9E79C00D2ACF0 /* GLVideoFilter-Prefix.pch */,
				DF0D63E018F7947800D51089 /* Images.xcassets */,
				B66E3E4013E9E79C00D2ACF0 /* main.m */,
				B6836C54141AE2AA005DB1A4 /* Shaders */,
				DF7EE77618F8C45A000CD7AA /* Shaders.plist */,
				DF2BE98816E69BFC00FF0C90 /* StoryBoard_iPad.storyboard */,
				DF2BE98616E69BE000FF0C90 /* StoryBoard_iPhone.storyboard */,
			);
			name = "Supporting Files";
			sourceTree = "<group>";
		};
		B6836C54141AE2AA005DB1A4 /* Shaders */ = {
			isa = PBXGroup;
			children = (
				DF9CAE8C1824C19900CE3945 /* Blurs */,
				DF9CAE8D1824C1B600CE3945 /* Filters */,
				B66E3E4813E9E79C00D2ACF0 /* quadInvertY.vsh */,
				DF3F45561821C4E50069D69F /* quadKernel.vsh */,
				DF59483D16E5B90F00C16079 /* quadPassthrough.vsh */,
				DF59483F16E5BB0000C16079 /* passthrough.fsh */,
				DF143B7216EB316B006D35F9 /* yuv2rgb.fsh */,
			);
			name = Shaders;
			sourceTree = "<group>";
		};
		DF7EE77B18F8FD80000CD7AA /* Supporting Classes */ = {
			isa = PBXGroup;
			children = (
				DF7EE77C18F915A3000CD7AA /* FilterManager.h */,
				DF7EE77D18F915A3000CD7AA /* FilterManager.m */,
				DF7EE77E18F915A3000CD7AA /* QuadModel.h */,
				DF7EE77F18F915A3000CD7AA /* QuadModel.m */,
				DF7EE78018F915A3000CD7AA /* ShaderManager.h */,
				DF7EE78118F915A3000CD7AA /* ShaderManager.m */,
				DF0D63D518F78DB000D51089 /* MBProgressHUD.h */,
				DF0D63D618F78DB000D51089 /* MBProgressHUD.m */,
			);
			name = "Supporting Classes";
			sourceTree = "<group>";
		};
		DF9CAE8C1824C19900CE3945 /* Blurs */ = {
			isa = PBXGroup;
			children = (
				DF9CAE881824C16800CE3945 /* blurXPass.fsh */,
				DF9CAE891824C16800CE3945 /* blurYPass.fsh */,
			);
			name = Blurs;
			sourceTree = "<group>";
		};
		DF9CAE8D1824C1B600CE3945 /* Filters */ = {
			isa = PBXGroup;
			children = (
				DF05AA2316E6614700911782 /* Canny.fsh */,
				DFD3A59618EA9BF70032E6C4 /* CannyInverse.fsh */,
				DF4740B616E6F2B70073DDB8 /* CannyComposite.fsh */,
				B66E3E4613E9E79C00D2ACF0 /* Sobel.fsh */,
				DF4740B416E6EEEC0073DDB8 /* SobelBlend.fsh */,
				DF93BCC816E495B200C062FC /* SobelBW.fsh */,
				DFC750F416E5C3E80036CDD8 /* SobelBWComposite.fsh */,
				DF2BE98416E6796E00FF0C90 /* SobelCanny.fsh */,
				DF143B7116EB316B006D35F9 /* SobelRGBComposite.fsh */,
			);
			name = Filters;
			sourceTree = "<group>";
		};
/* End PBXGroup section */

/* Begin PBXNativeTarget section */
		B66E3E2D13E9E79C00D2ACF0 /* GLVideoFilter */ = {
			isa = PBXNativeTarget;
			buildConfigurationList = B66E3E5513E9E79C00D2ACF0 /* Build configuration list for PBXNativeTarget "GLVideoFilter" */;
			buildPhases = (
				B66E3E2A13E9E79C00D2ACF0 /* Sources */,
				B66E3E2B13E9E79C00D2ACF0 /* Frameworks */,
				B66E3E2C13E9E79C00D2ACF0 /* Resources */,
			);
			buildRules = (
			);
			dependencies = (
			);
			name = GLVideoFilter;
			productName = GLCameraRipple;
			productReference = B66E3E2E13E9E79C00D2ACF0 /* GLVideoFilter.app */;
			productType = "com.apple.product-type.application";
		};
/* End PBXNativeTarget section */

/* Begin PBXProject section */
		B66E3E2513E9E79C00D2ACF0 /* Project object */ = {
			isa = PBXProject;
			attributes = {
				LastUpgradeCheck = 0510;
				TargetAttributes = {
					B66E3E2D13E9E79C00D2ACF0 = {
						DevelopmentTeam = G8X4XMPVS9;
					};
				};
			};
			buildConfigurationList = B66E3E2813E9E79C00D2ACF0 /* Build configuration list for PBXProject "GLVideoFilter" */;
			compatibilityVersion = "Xcode 3.2";
			developmentRegion = English;
			hasScannedForEncodings = 0;
			knownRegions = (
				en,
			);
			mainGroup = B66E3E2313E9E79C00D2ACF0;
			productRefGroup = B66E3E2F13E9E79C00D2ACF0 /* Products */;
			projectDirPath = "";
			projectRoot = "";
			targets = (
				B66E3E2D13E9E79C00D2ACF0 /* GLVideoFilter */,
			);
		};
/* End PBXProject section */

/* Begin PBXResourcesBuildPhase section */
		B66E3E2C13E9E79C00D2ACF0 /* Resources */ = {
			isa = PBXResourcesBuildPhase;
			buildActionMask = 2147483647;
			files = (
				DF9CAE8A1824C18800CE3945 /* blurXPass.fsh in Resources */,
				DF9CAE8B1824C18800CE3945 /* blurYPass.fsh in Resources */,
				DF3F45581821C7A80069D69F /* quadKernel.vsh in Resources */,
				DF143B7416EB317E006D35F9 /* SobelRGBComposite.fsh in Resources */,
				DF143B7516EB317E006D35F9 /* yuv2rgb.fsh in Resources */,
				DF4740B716E6F2D10073DDB8 /* CannyComposite.fsh in Resources */,
				DF7EE77718F8C45A000CD7AA /* Shaders.plist in Resources */,
				DF4740B516E6EEFA0073DDB8 /* SobelBlend.fsh in Resources */,
				DF2BE98516E6939600FF0C90 /* SobelCanny.fsh in Resources */,
				DF05AA2416E6614E00911782 /* Canny.fsh in Resources */,
				DFC750F516E5C4340036CDD8 /* SobelBWComposite.fsh in Resources */,
				DF59484016E5BB0900C16079 /* passthrough.fsh in Resources */,
				DF0D63E118F7947800D51089 /* Images.xcassets in Resources */,
				DF59483E16E5B91E00C16079 /* quadPassthrough.vsh in Resources */,
				DF93BCCA16E4983C00C062FC /* SobelBW.fsh in Resources */,
				B66E3E4713E9E79C00D2ACF0 /* Sobel.fsh in Resources */,
				B66E3E4913E9E79C00D2ACF0 /* quadInvertY.vsh in Resources */,
				DF7EE77518F8C16C000CD7AA /* Filters.plist in Resources */,
				DFD3A59718EA9BF70032E6C4 /* CannyInverse.fsh in Resources */,
				DF2BE98716E69BE000FF0C90 /* StoryBoard_iPhone.storyboard in Resources */,
				DF2BE98916E69BFC00FF0C90 /* StoryBoard_iPad.storyboard in Resources */,
			);
			runOnlyForDeploymentPostprocessing = 0;
		};
/* End PBXResourcesBuildPhase section */

/* Begin PBXSourcesBuildPhase section */
		B66E3E2A13E9E79C00D2ACF0 /* Sources */ = {
			isa = PBXSourcesBuildPhase;
			buildActionMask = 2147483647;
			files = (
				DF7EE78318F915A3000CD7AA /* QuadModel.m in Sources */,
				B66E3E4113E9E79C00D2ACF0 /* main.m in Sources */,
				DF7EE78418F915A3000CD7AA /* ShaderManager.m in Sources */,
				B66E3E4513E9E79C00D2ACF0 /* AppDelegate.m in Sources */,
				DF7EE78218F915A3000CD7AA /* FilterManager.m in Sources */,
				DF0D63D718F78DB000D51089 /* MBProgressHUD.m in Sources */,
				B66E3E4C13E9E79C00D2ACF0 /* FilterViewController.m in Sources */,
			);
			runOnlyForDeploymentPostprocessing = 0;
		};
/* End PBXSourcesBuildPhase section */

/* Begin XCBuildConfiguration section */
		B66E3E5313E9E79C00D2ACF0 /* Debug */ = {
			isa = XCBuildConfiguration;
			buildSettings = {
				ALWAYS_SEARCH_USER_PATHS = NO;
				CLANG_ENABLE_OBJC_ARC = YES;
				CLANG_WARN_CONSTANT_CONVERSION = YES;
				CLANG_WARN_ENUM_CONVERSION = YES;
				CLANG_WARN_INT_CONVERSION = YES;
				CLANG_WARN__DUPLICATE_METHOD_MATCH = YES;
				CODE_SIGN_IDENTITY = "iPhone Developer";
				COPY_PHASE_STRIP = NO;
				GCC_C_LANGUAGE_STANDARD = gnu99;
				GCC_DYNAMIC_NO_PIC = NO;
				GCC_OPTIMIZATION_LEVEL = 0;
				GCC_PREPROCESSOR_DEFINITIONS = (
					"DEBUG=1",
					"$(inherited)",
				);
				GCC_SYMBOLS_PRIVATE_EXTERN = NO;
				GCC_VERSION = "";
				GCC_WARN_ABOUT_MISSING_PROTOTYPES = YES;
				GCC_WARN_ABOUT_RETURN_TYPE = YES;
				GCC_WARN_UNINITIALIZED_AUTOS = YES;
				GCC_WARN_UNUSED_VARIABLE = YES;
				IPHONEOS_DEPLOYMENT_TARGET = 6.0;
				ONLY_ACTIVE_ARCH = YES;
				PROVISIONING_PROFILE = "";
				SDKROOT = iphoneos;
				SUPPORTED_PLATFORMS = iphoneos;
				TARGETED_DEVICE_FAMILY = "1,2";
			};
			name = Debug;
		};
		B66E3E5413E9E79C00D2ACF0 /* Release */ = {
			isa = XCBuildConfiguration;
			buildSettings = {
				ALWAYS_SEARCH_USER_PATHS = NO;
				CLANG_ENABLE_OBJC_ARC = YES;
				CLANG_WARN_CONSTANT_CONVERSION = YES;
				CLANG_WARN_ENUM_CONVERSION = YES;
				CLANG_WARN_INT_CONVERSION = YES;
				CLANG_WARN__DUPLICATE_METHOD_MATCH = YES;
				CODE_SIGN_IDENTITY = "iPhone Developer";
				COPY_PHASE_STRIP = YES;
				GCC_C_LANGUAGE_STANDARD = gnu99;
				GCC_VERSION = "";
				GCC_WARN_ABOUT_MISSING_PROTOTYPES = YES;
				GCC_WARN_ABOUT_RETURN_TYPE = YES;
				GCC_WARN_UNINITIALIZED_AUTOS = YES;
				GCC_WARN_UNUSED_VARIABLE = YES;
				IPHONEOS_DEPLOYMENT_TARGET = 6.0;
				OTHER_CFLAGS = "-DNS_BLOCK_ASSERTIONS=1";
				PROVISIONING_PROFILE = "";
				SDKROOT = iphoneos;
				SUPPORTED_PLATFORMS = iphoneos;
				TARGETED_DEVICE_FAMILY = "1,2";
				VALIDATE_PRODUCT = YES;
			};
			name = Release;
		};
		B66E3E5613E9E79C00D2ACF0 /* Debug */ = {
			isa = XCBuildConfiguration;
			buildSettings = {
				ASSETCATALOG_COMPILER_APPICON_NAME = AppIcon;
				ASSETCATALOG_COMPILER_LAUNCHIMAGE_NAME = LaunchImage;
				CODE_SIGN_IDENTITY = "iPhone Developer";
				"CODE_SIGN_IDENTITY[sdk=iphoneos*]" = "iPhone Developer";
				GCC_PRECOMPILE_PREFIX_HEADER = YES;
				GCC_PREFIX_HEADER = "GLVideoFilter/GLVideoFilter-Prefix.pch";
				"GCC_THUMB_SUPPORT[arch=armv6]" = "";
				INFOPLIST_FILE = "$(SRCROOT)/GLVideoFilter/GLVideoFilter-Info.plist";
				IPHONEOS_DEPLOYMENT_TARGET = 6.0;
				LIBRARY_SEARCH_PATHS = "$(inherited)";
				PRODUCT_NAME = GLVideoFilter;
				PROVISIONING_PROFILE = "";
				USER_HEADER_SEARCH_PATHS = "";
				WRAPPER_EXTENSION = app;
			};
			name = Debug;
		};
		B66E3E5713E9E79C00D2ACF0 /* Release */ = {
			isa = XCBuildConfiguration;
			buildSettings = {
				ASSETCATALOG_COMPILER_APPICON_NAME = AppIcon;
				ASSETCATALOG_COMPILER_LAUNCHIMAGE_NAME = LaunchImage;
				CODE_SIGN_IDENTITY = "iPhone Developer";
				"CODE_SIGN_IDENTITY[sdk=iphoneos*]" = "iPhone Developer";
				GCC_PRECOMPILE_PREFIX_HEADER = YES;
				GCC_PREFIX_HEADER = "GLVideoFilter/GLVideoFilter-Prefix.pch";
				"GCC_THUMB_SUPPORT[arch=armv6]" = "";
				INFOPLIST_FILE = "$(SRCROOT)/GLVideoFilter/GLVideoFilter-Info.plist";
				IPHONEOS_DEPLOYMENT_TARGET = 6.0;
				LIBRARY_SEARCH_PATHS = "$(inherited)";
				PRODUCT_NAME = GLVideoFilter;
				PROVISIONING_PROFILE = "";
				USER_HEADER_SEARCH_PATHS = "";
				WRAPPER_EXTENSION = app;
			};
			name = Release;
		};
/* End XCBuildConfiguration section */

/* Begin XCConfigurationList section */
		B66E3E2813E9E79C00D2ACF0 /* Build configuration list for PBXProject "GLVideoFilter" */ = {
			isa = XCConfigurationList;
			buildConfigurations = (
				B66E3E5313E9E79C00D2ACF0 /* Debug */,
				B66E3E5413E9E79C00D2ACF0 /* Release */,
			);
			defaultConfigurationIsVisible = 0;
			defaultConfigurationName = Release;
		};
		B66E3E5513E9E79C00D2ACF0 /* Build configuration list for PBXNativeTarget "GLVideoFilter" */ = {
			isa = XCConfigurationList;
			buildConfigurations = (
				B66E3E5613E9E79C00D2ACF0 /* Debug */,
				B66E3E5713E9E79C00D2ACF0 /* Release */,
			);
			defaultConfigurationIsVisible = 0;
			defaultConfigurationName = Release;
		};
/* End XCConfigurationList section */
	};
	rootObject = B66E3E2513E9E79C00D2ACF0 /* Project object */;
}
