// !$*UTF8*$!
{
	archiveVersion = 1;
	classes = {
	};
	objectVersion = 46;
	objects = {

/* Begin PBXBuildFile section */
		B6198C4916C05C04000B9C73 /* Default-568h@2x.png in Resources */ = {isa = PBXBuildFile; fileRef = B6198C4816C05C04000B9C73 /* Default-568h@2x.png */; };
		B6388B2C141AB58300DA02FB /* Icon-72.png in Resources */ = {isa = PBXBuildFile; fileRef = B6388B26141AB58300DA02FB /* Icon-72.png */; };
		B6388B2D141AB58300DA02FB /* Icon-Small-50.png in Resources */ = {isa = PBXBuildFile; fileRef = B6388B27141AB58300DA02FB /* Icon-Small-50.png */; };
		B6388B2E141AB58300DA02FB /* Icon-Small.png in Resources */ = {isa = PBXBuildFile; fileRef = B6388B28141AB58300DA02FB /* Icon-Small.png */; };
		B6388B2F141AB58300DA02FB /* Icon-Small@2x.png in Resources */ = {isa = PBXBuildFile; fileRef = B6388B29141AB58300DA02FB /* Icon-Small@2x.png */; };
		B6388B30141AB58300DA02FB /* Icon.png in Resources */ = {isa = PBXBuildFile; fileRef = B6388B2A141AB58300DA02FB /* Icon.png */; };
		B6388B31141AB58300DA02FB /* Icon@2x.png in Resources */ = {isa = PBXBuildFile; fileRef = B6388B2B141AB58300DA02FB /* Icon@2x.png */; };
		B6670DB413E9FD9F00AEF9EC /* QuadModel.m in Sources */ = {isa = PBXBuildFile; fileRef = B6670DB313E9FD9F00AEF9EC /* QuadModel.m */; };
		B66E3E3313E9E79C00D2ACF0 /* UIKit.framework in Frameworks */ = {isa = PBXBuildFile; fileRef = B66E3E3213E9E79C00D2ACF0 /* UIKit.framework */; };
		B66E3E3513E9E79C00D2ACF0 /* Foundation.framework in Frameworks */ = {isa = PBXBuildFile; fileRef = B66E3E3413E9E79C00D2ACF0 /* Foundation.framework */; };
		B66E3E3713E9E79C00D2ACF0 /* GLKit.framework in Frameworks */ = {isa = PBXBuildFile; fileRef = B66E3E3613E9E79C00D2ACF0 /* GLKit.framework */; };
		B66E3E3913E9E79C00D2ACF0 /* OpenGLES.framework in Frameworks */ = {isa = PBXBuildFile; fileRef = B66E3E3813E9E79C00D2ACF0 /* OpenGLES.framework */; };
		B66E3E4113E9E79C00D2ACF0 /* main.m in Sources */ = {isa = PBXBuildFile; fileRef = B66E3E4013E9E79C00D2ACF0 /* main.m */; };
		B66E3E4513E9E79C00D2ACF0 /* AppDelegate.m in Sources */ = {isa = PBXBuildFile; fileRef = B66E3E4413E9E79C00D2ACF0 /* AppDelegate.m */; };
		B66E3E4713E9E79C00D2ACF0 /* Sobel.fsh in Resources */ = {isa = PBXBuildFile; fileRef = B66E3E4613E9E79C00D2ACF0 /* Sobel.fsh */; };
		B66E3E4913E9E79C00D2ACF0 /* quadInvertY.vsh in Resources */ = {isa = PBXBuildFile; fileRef = B66E3E4813E9E79C00D2ACF0 /* quadInvertY.vsh */; };
		B66E3E4C13E9E79C00D2ACF0 /* FilterViewController.m in Sources */ = {isa = PBXBuildFile; fileRef = B66E3E4B13E9E79C00D2ACF0 /* FilterViewController.m */; };
		B69AAFE013FC961F00B7125C /* AVFoundation.framework in Frameworks */ = {isa = PBXBuildFile; fileRef = B69AAFDF13FC961F00B7125C /* AVFoundation.framework */; };
		B69AAFE313FC965400B7125C /* CoreVideo.framework in Frameworks */ = {isa = PBXBuildFile; fileRef = B69AAFE213FC965400B7125C /* CoreVideo.framework */; };
		B69AAFE513FC972A00B7125C /* CoreMedia.framework in Frameworks */ = {isa = PBXBuildFile; fileRef = B69AAFE413FC972A00B7125C /* CoreMedia.framework */; };
		DF05AA2416E6614E00911782 /* Canny.fsh in Resources */ = {isa = PBXBuildFile; fileRef = DF05AA2316E6614700911782 /* Canny.fsh */; };
		DF143B7416EB317E006D35F9 /* SobelRGBComposite.fsh in Resources */ = {isa = PBXBuildFile; fileRef = DF143B7116EB316B006D35F9 /* SobelRGBComposite.fsh */; };
		DF143B7516EB317E006D35F9 /* yuv2rgb.fsh in Resources */ = {isa = PBXBuildFile; fileRef = DF143B7216EB316B006D35F9 /* yuv2rgb.fsh */; };
		DF143B7616EB317E006D35F9 /* blurSinglePass.fsh in Resources */ = {isa = PBXBuildFile; fileRef = DF143B7316EB316B006D35F9 /* blurSinglePass.fsh */; };
		DF2BE98516E6939600FF0C90 /* SobelCanny.fsh in Resources */ = {isa = PBXBuildFile; fileRef = DF2BE98416E6796E00FF0C90 /* SobelCanny.fsh */; };
		DF2BE98716E69BE000FF0C90 /* StoryBoard_iPhone.storyboard in Resources */ = {isa = PBXBuildFile; fileRef = DF2BE98616E69BE000FF0C90 /* StoryBoard_iPhone.storyboard */; };
		DF2BE98916E69BFC00FF0C90 /* StoryBoard_iPad.storyboard in Resources */ = {isa = PBXBuildFile; fileRef = DF2BE98816E69BFC00FF0C90 /* StoryBoard_iPad.storyboard */; };
		DF3F45581821C7A80069D69F /* quadKernel.vsh in Resources */ = {isa = PBXBuildFile; fileRef = DF3F45561821C4E50069D69F /* quadKernel.vsh */; };
		DF4740B516E6EEFA0073DDB8 /* SobelBlend.fsh in Resources */ = {isa = PBXBuildFile; fileRef = DF4740B416E6EEEC0073DDB8 /* SobelBlend.fsh */; };
		DF4740B716E6F2D10073DDB8 /* CannyComposite.fsh in Resources */ = {isa = PBXBuildFile; fileRef = DF4740B616E6F2B70073DDB8 /* CannyComposite.fsh */; };
		DF59483E16E5B91E00C16079 /* quadPassthrough.vsh in Resources */ = {isa = PBXBuildFile; fileRef = DF59483D16E5B90F00C16079 /* quadPassthrough.vsh */; };
		DF59484016E5BB0900C16079 /* passthrough.fsh in Resources */ = {isa = PBXBuildFile; fileRef = DF59483F16E5BB0000C16079 /* passthrough.fsh */; };
		DF93BCCA16E4983C00C062FC /* SobelBW.fsh in Resources */ = {isa = PBXBuildFile; fileRef = DF93BCC816E495B200C062FC /* SobelBW.fsh */; };
		DFC750F516E5C4340036CDD8 /* SobelBWComposite.fsh in Resources */ = {isa = PBXBuildFile; fileRef = DFC750F416E5C3E80036CDD8 /* SobelBWComposite.fsh */; };
		DFD5679C16E4A4EE003D5C96 /* Icon-72@2x.png in Resources */ = {isa = PBXBuildFile; fileRef = DFD5679B16E4A4EE003D5C96 /* Icon-72@2x.png */; };
		DFD5679E16E4A550003D5C96 /* Icon-Small-50@2x.png in Resources */ = {isa = PBXBuildFile; fileRef = DFD5679D16E4A550003D5C96 /* Icon-Small-50@2x.png */; };
/* End PBXBuildFile section */

/* Begin PBXFileReference section */
		B6198C4816C05C04000B9C73 /* Default-568h@2x.png */ = {isa = PBXFileReference; lastKnownFileType = image.png; path = "Default-568h@2x.png"; sourceTree = "<group>"; };
		B6388B26141AB58300DA02FB /* Icon-72.png */ = {isa = PBXFileReference; lastKnownFileType = image.png; path = "Icon-72.png"; sourceTree = "<group>"; };
		B6388B27141AB58300DA02FB /* Icon-Small-50.png */ = {isa = PBXFileReference; lastKnownFileType = image.png; path = "Icon-Small-50.png"; sourceTree = "<group>"; };
		B6388B28141AB58300DA02FB /* Icon-Small.png */ = {isa = PBXFileReference; lastKnownFileType = image.png; path = "Icon-Small.png"; sourceTree = "<group>"; };
		B6388B29141AB58300DA02FB /* Icon-Small@2x.png */ = {isa = PBXFileReference; lastKnownFileType = image.png; path = "Icon-Small@2x.png"; sourceTree = "<group>"; };
		B6388B2A141AB58300DA02FB /* Icon.png */ = {isa = PBXFileReference; lastKnownFileType = image.png; path = Icon.png; sourceTree = "<group>"; };
		B6388B2B141AB58300DA02FB /* Icon@2x.png */ = {isa = PBXFileReference; lastKnownFileType = image.png; path = "Icon@2x.png"; sourceTree = "<group>"; };
		B6670DB213E9FD9F00AEF9EC /* QuadModel.h */ = {isa = PBXFileReference; fileEncoding = 4; lastKnownFileType = sourcecode.c.h; path = QuadModel.h; sourceTree = "<group>"; };
		B6670DB313E9FD9F00AEF9EC /* QuadModel.m */ = {isa = PBXFileReference; fileEncoding = 4; lastKnownFileType = sourcecode.c.objc; path = QuadModel.m; sourceTree = "<group>"; };
		B66E3E2E13E9E79C00D2ACF0 /* GLVideoFilter.app */ = {isa = PBXFileReference; explicitFileType = wrapper.application; includeInIndex = 0; path = GLVideoFilter.app; sourceTree = BUILT_PRODUCTS_DIR; };
		B66E3E3213E9E79C00D2ACF0 /* UIKit.framework */ = {isa = PBXFileReference; lastKnownFileType = wrapper.framework; name = UIKit.framework; path = System/Library/Frameworks/UIKit.framework; sourceTree = SDKROOT; };
		B66E3E3413E9E79C00D2ACF0 /* Foundation.framework */ = {isa = PBXFileReference; lastKnownFileType = wrapper.framework; name = Foundation.framework; path = System/Library/Frameworks/Foundation.framework; sourceTree = SDKROOT; };
		B66E3E3613E9E79C00D2ACF0 /* GLKit.framework */ = {isa = PBXFileReference; lastKnownFileType = wrapper.framework; name = GLKit.framework; path = System/Library/Frameworks/GLKit.framework; sourceTree = SDKROOT; };
		B66E3E3813E9E79C00D2ACF0 /* OpenGLES.framework */ = {isa = PBXFileReference; lastKnownFileType = wrapper.framework; name = OpenGLES.framework; path = System/Library/Frameworks/OpenGLES.framework; sourceTree = SDKROOT; };
		B66E3E3C13E9E79C00D2ACF0 /* GLVideoFilter-Info.plist */ = {isa = PBXFileReference; lastKnownFileType = text.plist.xml; path = "GLVideoFilter-Info.plist"; sourceTree = "<group>"; };
		B66E3E4013E9E79C00D2ACF0 /* main.m */ = {isa = PBXFileReference; lastKnownFileType = sourcecode.c.objc; path = main.m; sourceTree = "<group>"; };
		B66E3E4213E9E79C00D2ACF0 /* GLVideoFilter-Prefix.pch */ = {isa = PBXFileReference; lastKnownFileType = sourcecode.c.h; path = "GLVideoFilter-Prefix.pch"; sourceTree = "<group>"; };
		B66E3E4313E9E79C00D2ACF0 /* AppDelegate.h */ = {isa = PBXFileReference; lastKnownFileType = sourcecode.c.h; path = AppDelegate.h; sourceTree = "<group>"; };
		B66E3E4413E9E79C00D2ACF0 /* AppDelegate.m */ = {isa = PBXFileReference; lastKnownFileType = sourcecode.c.objc; path = AppDelegate.m; sourceTree = "<group>"; };
		B66E3E4613E9E79C00D2ACF0 /* Sobel.fsh */ = {isa = PBXFileReference; lastKnownFileType = sourcecode.glsl; name = Sobel.fsh; path = Shaders/Sobel.fsh; sourceTree = "<group>"; };
		B66E3E4813E9E79C00D2ACF0 /* quadInvertY.vsh */ = {isa = PBXFileReference; lastKnownFileType = sourcecode.glsl; name = quadInvertY.vsh; path = Shaders/quadInvertY.vsh; sourceTree = "<group>"; };
		B66E3E4A13E9E79C00D2ACF0 /* FilterViewController.h */ = {isa = PBXFileReference; lastKnownFileType = sourcecode.c.h; path = FilterViewController.h; sourceTree = "<group>"; };
		B66E3E4B13E9E79C00D2ACF0 /* FilterViewController.m */ = {isa = PBXFileReference; lastKnownFileType = sourcecode.c.objc; path = FilterViewController.m; sourceTree = "<group>"; };
		B69AAFDF13FC961F00B7125C /* AVFoundation.framework */ = {isa = PBXFileReference; lastKnownFileType = wrapper.framework; name = AVFoundation.framework; path = System/Library/Frameworks/AVFoundation.framework; sourceTree = SDKROOT; };
		B69AAFE213FC965400B7125C /* CoreVideo.framework */ = {isa = PBXFileReference; lastKnownFileType = wrapper.framework; name = CoreVideo.framework; path = System/Library/Frameworks/CoreVideo.framework; sourceTree = SDKROOT; };
		B69AAFE413FC972A00B7125C /* CoreMedia.framework */ = {isa = PBXFileReference; lastKnownFileType = wrapper.framework; name = CoreMedia.framework; path = System/Library/Frameworks/CoreMedia.framework; sourceTree = SDKROOT; };
		DF05AA2316E6614700911782 /* Canny.fsh */ = {isa = PBXFileReference; lastKnownFileType = sourcecode.glsl; name = Canny.fsh; path = Shaders/Canny.fsh; sourceTree = "<group>"; };
		DF143B7116EB316B006D35F9 /* SobelRGBComposite.fsh */ = {isa = PBXFileReference; lastKnownFileType = sourcecode.glsl; name = SobelRGBComposite.fsh; path = Shaders/SobelRGBComposite.fsh; sourceTree = "<group>"; };
		DF143B7216EB316B006D35F9 /* yuv2rgb.fsh */ = {isa = PBXFileReference; lastKnownFileType = sourcecode.glsl; name = yuv2rgb.fsh; path = Shaders/yuv2rgb.fsh; sourceTree = "<group>"; };
		DF143B7316EB316B006D35F9 /* blurSinglePass.fsh */ = {isa = PBXFileReference; lastKnownFileType = sourcecode.glsl; name = blurSinglePass.fsh; path = Shaders/blurSinglePass.fsh; sourceTree = "<group>"; };
		DF2BE98416E6796E00FF0C90 /* SobelCanny.fsh */ = {isa = PBXFileReference; lastKnownFileType = sourcecode.glsl; name = SobelCanny.fsh; path = Shaders/SobelCanny.fsh; sourceTree = "<group>"; };
		DF2BE98616E69BE000FF0C90 /* StoryBoard_iPhone.storyboard */ = {isa = PBXFileReference; fileEncoding = 4; lastKnownFileType = file.storyboard; path = StoryBoard_iPhone.storyboard; sourceTree = "<group>"; };
		DF2BE98816E69BFC00FF0C90 /* StoryBoard_iPad.storyboard */ = {isa = PBXFileReference; fileEncoding = 4; lastKnownFileType = file.storyboard; path = StoryBoard_iPad.storyboard; sourceTree = "<group>"; };
		DF3F45561821C4E50069D69F /* quadKernel.vsh */ = {isa = PBXFileReference; fileEncoding = 4; lastKnownFileType = sourcecode.glsl; name = quadKernel.vsh; path = Shaders/quadKernel.vsh; sourceTree = "<group>"; };
		DF4740B416E6EEEC0073DDB8 /* SobelBlend.fsh */ = {isa = PBXFileReference; lastKnownFileType = sourcecode.glsl; name = SobelBlend.fsh; path = Shaders/SobelBlend.fsh; sourceTree = "<group>"; };
		DF4740B616E6F2B70073DDB8 /* CannyComposite.fsh */ = {isa = PBXFileReference; lastKnownFileType = sourcecode.glsl; name = CannyComposite.fsh; path = Shaders/CannyComposite.fsh; sourceTree = "<group>"; };
		DF59483D16E5B90F00C16079 /* quadPassthrough.vsh */ = {isa = PBXFileReference; lastKnownFileType = sourcecode.glsl; name = quadPassthrough.vsh; path = Shaders/quadPassthrough.vsh; sourceTree = "<group>"; };
		DF59483F16E5BB0000C16079 /* passthrough.fsh */ = {isa = PBXFileReference; lastKnownFileType = sourcecode.glsl; name = passthrough.fsh; path = Shaders/passthrough.fsh; sourceTree = "<group>"; };
		DF93BCC816E495B200C062FC /* SobelBW.fsh */ = {isa = PBXFileReference; fileEncoding = 4; lastKnownFileType = sourcecode.glsl; name = SobelBW.fsh; path = Shaders/SobelBW.fsh; sourceTree = "<group>"; };
		DFC750F416E5C3E80036CDD8 /* SobelBWComposite.fsh */ = {isa = PBXFileReference; lastKnownFileType = sourcecode.glsl; name = SobelBWComposite.fsh; path = Shaders/SobelBWComposite.fsh; sourceTree = "<group>"; };
		DFD5679B16E4A4EE003D5C96 /* Icon-72@2x.png */ = {isa = PBXFileReference; lastKnownFileType = image.png; path = "Icon-72@2x.png"; sourceTree = "<group>"; };
		DFD5679D16E4A550003D5C96 /* Icon-Small-50@2x.png */ = {isa = PBXFileReference; lastKnownFileType = image.png; path = "Icon-Small-50@2x.png"; sourceTree = "<group>"; };
/* End PBXFileReference section */

/* Begin PBXFrameworksBuildPhase section */
		B66E3E2B13E9E79C00D2ACF0 /* Frameworks */ = {
			isa = PBXFrameworksBuildPhase;
			buildActionMask = 2147483647;
			files = (
				B66E3E3313E9E79C00D2ACF0 /* UIKit.framework in Frameworks */,
				B66E3E3513E9E79C00D2ACF0 /* Foundation.framework in Frameworks */,
				B66E3E3713E9E79C00D2ACF0 /* GLKit.framework in Frameworks */,
				B66E3E3913E9E79C00D2ACF0 /* OpenGLES.framework in Frameworks */,
				B69AAFE013FC961F00B7125C /* AVFoundation.framework in Frameworks */,
				B69AAFE313FC965400B7125C /* CoreVideo.framework in Frameworks */,
				B69AAFE513FC972A00B7125C /* CoreMedia.framework in Frameworks */,
			);
			runOnlyForDeploymentPostprocessing = 0;
		};
/* End PBXFrameworksBuildPhase section */

/* Begin PBXGroup section */
		B6388B25141AB58300DA02FB /* Images */ = {
			isa = PBXGroup;
			children = (
				B6198C4816C05C04000B9C73 /* Default-568h@2x.png */,
				B6388B26141AB58300DA02FB /* Icon-72.png */,
				DFD5679B16E4A4EE003D5C96 /* Icon-72@2x.png */,
				B6388B27141AB58300DA02FB /* Icon-Small-50.png */,
				DFD5679D16E4A550003D5C96 /* Icon-Small-50@2x.png */,
				B6388B28141AB58300DA02FB /* Icon-Small.png */,
				B6388B29141AB58300DA02FB /* Icon-Small@2x.png */,
				B6388B2A141AB58300DA02FB /* Icon.png */,
				B6388B2B141AB58300DA02FB /* Icon@2x.png */,
			);
			path = Images;
			sourceTree = "<group>";
		};
		B66E3E2313E9E79C00D2ACF0 = {
			isa = PBXGroup;
			children = (
				B66E3E3A13E9E79C00D2ACF0 /* GLVideoFilter */,
				B66E3E3113E9E79C00D2ACF0 /* Frameworks */,
				B66E3E2F13E9E79C00D2ACF0 /* Products */,
			);
			sourceTree = "<group>";
		};
		B66E3E2F13E9E79C00D2ACF0 /* Products */ = {
			isa = PBXGroup;
			children = (
				B66E3E2E13E9E79C00D2ACF0 /* GLVideoFilter.app */,
			);
			name = Products;
			sourceTree = "<group>";
		};
		B66E3E3113E9E79C00D2ACF0 /* Frameworks */ = {
			isa = PBXGroup;
			children = (
				B69AAFE413FC972A00B7125C /* CoreMedia.framework */,
				B69AAFE213FC965400B7125C /* CoreVideo.framework */,
				B69AAFDF13FC961F00B7125C /* AVFoundation.framework */,
				B66E3E3213E9E79C00D2ACF0 /* UIKit.framework */,
				B66E3E3413E9E79C00D2ACF0 /* Foundation.framework */,
				B66E3E3613E9E79C00D2ACF0 /* GLKit.framework */,
				B66E3E3813E9E79C00D2ACF0 /* OpenGLES.framework */,
			);
			name = Frameworks;
			sourceTree = "<group>";
		};
		B66E3E3A13E9E79C00D2ACF0 /* GLVideoFilter */ = {
			isa = PBXGroup;
			children = (
				B6836C54141AE2AA005DB1A4 /* Shaders */,
				B66E3E4313E9E79C00D2ACF0 /* AppDelegate.h */,
				B66E3E4413E9E79C00D2ACF0 /* AppDelegate.m */,
				B6670DB213E9FD9F00AEF9EC /* QuadModel.h */,
				B6670DB313E9FD9F00AEF9EC /* QuadModel.m */,
				B66E3E4A13E9E79C00D2ACF0 /* FilterViewController.h */,
				B66E3E4B13E9E79C00D2ACF0 /* FilterViewController.m */,
				B66E3E3B13E9E79C00D2ACF0 /* Supporting Files */,
			);
			path = GLVideoFilter;
			sourceTree = "<group>";
		};
		B66E3E3B13E9E79C00D2ACF0 /* Supporting Files */ = {
			isa = PBXGroup;
			children = (
				DF2BE98616E69BE000FF0C90 /* StoryBoard_iPhone.storyboard */,
				DF2BE98816E69BFC00FF0C90 /* StoryBoard_iPad.storyboard */,
				B6388B25141AB58300DA02FB /* Images */,
				B66E3E3C13E9E79C00D2ACF0 /* GLVideoFilter-Info.plist */,
				B66E3E4213E9E79C00D2ACF0 /* GLVideoFilter-Prefix.pch */,
				B66E3E4013E9E79C00D2ACF0 /* main.m */,
			);
			name = "Supporting Files";
			sourceTree = "<group>";
		};
		B6836C54141AE2AA005DB1A4 /* Shaders */ = {
			isa = PBXGroup;
			children = (
				DF05AA2316E6614700911782 /* Canny.fsh */,
				DF4740B616E6F2B70073DDB8 /* CannyComposite.fsh */,
				DF59483F16E5BB0000C16079 /* passthrough.fsh */,
				B66E3E4813E9E79C00D2ACF0 /* quadInvertY.vsh */,
				DF3F45561821C4E50069D69F /* quadKernel.vsh */,
				DF59483D16E5B90F00C16079 /* quadPassthrough.vsh */,
				B66E3E4613E9E79C00D2ACF0 /* Sobel.fsh */,
				DF4740B416E6EEEC0073DDB8 /* SobelBlend.fsh */,
				DF93BCC816E495B200C062FC /* SobelBW.fsh */,
				DFC750F416E5C3E80036CDD8 /* SobelBWComposite.fsh */,
				DF2BE98416E6796E00FF0C90 /* SobelCanny.fsh */,
				DF143B7116EB316B006D35F9 /* SobelRGBComposite.fsh */,
				DF143B7216EB316B006D35F9 /* yuv2rgb.fsh */,
				DF143B7316EB316B006D35F9 /* blurSinglePass.fsh */,
			);
			name = Shaders;
			sourceTree = "<group>";
		};
/* End PBXGroup section */

/* Begin PBXNativeTarget section */
		B66E3E2D13E9E79C00D2ACF0 /* GLVideoFilter */ = {
			isa = PBXNativeTarget;
			buildConfigurationList = B66E3E5513E9E79C00D2ACF0 /* Build configuration list for PBXNativeTarget "GLVideoFilter" */;
			buildPhases = (
				B66E3E2A13E9E79C00D2ACF0 /* Sources */,
				B66E3E2B13E9E79C00D2ACF0 /* Frameworks */,
				B66E3E2C13E9E79C00D2ACF0 /* Resources */,
			);
			buildRules = (
			);
			dependencies = (
			);
			name = GLVideoFilter;
			productName = GLCameraRipple;
			productReference = B66E3E2E13E9E79C00D2ACF0 /* GLVideoFilter.app */;
			productType = "com.apple.product-type.application";
		};
/* End PBXNativeTarget section */

/* Begin PBXProject section */
		B66E3E2513E9E79C00D2ACF0 /* Project object */ = {
			isa = PBXProject;
			attributes = {
				LastUpgradeCheck = 0500;
				TargetAttributes = {
					B66E3E2D13E9E79C00D2ACF0 = {
						DevelopmentTeam = G8X4XMPVS9;
					};
				};
			};
			buildConfigurationList = B66E3E2813E9E79C00D2ACF0 /* Build configuration list for PBXProject "GLVideoFilter" */;
			compatibilityVersion = "Xcode 3.2";
			developmentRegion = English;
			hasScannedForEncodings = 0;
			knownRegions = (
				en,
			);
			mainGroup = B66E3E2313E9E79C00D2ACF0;
			productRefGroup = B66E3E2F13E9E79C00D2ACF0 /* Products */;
			projectDirPath = "";
			projectRoot = "";
			targets = (
				B66E3E2D13E9E79C00D2ACF0 /* GLVideoFilter */,
			);
		};
/* End PBXProject section */

/* Begin PBXResourcesBuildPhase section */
		B66E3E2C13E9E79C00D2ACF0 /* Resources */ = {
			isa = PBXResourcesBuildPhase;
			buildActionMask = 2147483647;
			files = (
				DF3F45581821C7A80069D69F /* quadKernel.vsh in Resources */,
				DF143B7416EB317E006D35F9 /* SobelRGBComposite.fsh in Resources */,
				DF143B7516EB317E006D35F9 /* yuv2rgb.fsh in Resources */,
				DF143B7616EB317E006D35F9 /* blurSinglePass.fsh in Resources */,
				DF4740B716E6F2D10073DDB8 /* CannyComposite.fsh in Resources */,
				DF4740B516E6EEFA0073DDB8 /* SobelBlend.fsh in Resources */,
				DF2BE98516E6939600FF0C90 /* SobelCanny.fsh in Resources */,
				DF05AA2416E6614E00911782 /* Canny.fsh in Resources */,
				DFC750F516E5C4340036CDD8 /* SobelBWComposite.fsh in Resources */,
				DF59484016E5BB0900C16079 /* passthrough.fsh in Resources */,
				DF59483E16E5B91E00C16079 /* quadPassthrough.vsh in Resources */,
				DF93BCCA16E4983C00C062FC /* SobelBW.fsh in Resources */,
				B66E3E4713E9E79C00D2ACF0 /* Sobel.fsh in Resources */,
				B66E3E4913E9E79C00D2ACF0 /* quadInvertY.vsh in Resources */,
				B6388B2C141AB58300DA02FB /* Icon-72.png in Resources */,
				DFD5679C16E4A4EE003D5C96 /* Icon-72@2x.png in Resources */,
				B6388B2E141AB58300DA02FB /* Icon-Small.png in Resources */,
				B6388B2F141AB58300DA02FB /* Icon-Small@2x.png in Resources */,
				B6388B2D141AB58300DA02FB /* Icon-Small-50.png in Resources */,
				DFD5679E16E4A550003D5C96 /* Icon-Small-50@2x.png in Resources */,
				B6388B30141AB58300DA02FB /* Icon.png in Resources */,
				B6388B31141AB58300DA02FB /* Icon@2x.png in Resources */,
				B6198C4916C05C04000B9C73 /* Default-568h@2x.png in Resources */,
				DF2BE98716E69BE000FF0C90 /* StoryBoard_iPhone.storyboard in Resources */,
				DF2BE98916E69BFC00FF0C90 /* StoryBoard_iPad.storyboard in Resources */,
			);
			runOnlyForDeploymentPostprocessing = 0;
		};
/* End PBXResourcesBuildPhase section */

/* Begin PBXSourcesBuildPhase section */
		B66E3E2A13E9E79C00D2ACF0 /* Sources */ = {
			isa = PBXSourcesBuildPhase;
			buildActionMask = 2147483647;
			files = (
				B66E3E4113E9E79C00D2ACF0 /* main.m in Sources */,
				B66E3E4513E9E79C00D2ACF0 /* AppDelegate.m in Sources */,
				B66E3E4C13E9E79C00D2ACF0 /* FilterViewController.m in Sources */,
				B6670DB413E9FD9F00AEF9EC /* QuadModel.m in Sources */,
			);
			runOnlyForDeploymentPostprocessing = 0;
		};
/* End PBXSourcesBuildPhase section */

/* Begin XCBuildConfiguration section */
		B66E3E5313E9E79C00D2ACF0 /* Debug */ = {
			isa = XCBuildConfiguration;
			buildSettings = {
				ALWAYS_SEARCH_USER_PATHS = NO;
				ARCHS = "$(ARCHS_STANDARD_INCLUDING_64_BIT)";
				CLANG_ENABLE_OBJC_ARC = YES;
				CLANG_WARN_CONSTANT_CONVERSION = YES;
				CLANG_WARN_ENUM_CONVERSION = YES;
				CLANG_WARN_INT_CONVERSION = YES;
				CLANG_WARN__DUPLICATE_METHOD_MATCH = YES;
				CODE_SIGN_IDENTITY = "iPhone Developer";
				COPY_PHASE_STRIP = NO;
				GCC_C_LANGUAGE_STANDARD = gnu99;
				GCC_DYNAMIC_NO_PIC = NO;
				GCC_OPTIMIZATION_LEVEL = 0;
				GCC_PREPROCESSOR_DEFINITIONS = (
					"DEBUG=1",
					"$(inherited)",
				);
				GCC_SYMBOLS_PRIVATE_EXTERN = NO;
				GCC_VERSION = "";
				GCC_WARN_ABOUT_MISSING_PROTOTYPES = YES;
				GCC_WARN_ABOUT_RETURN_TYPE = YES;
				GCC_WARN_UNINITIALIZED_AUTOS = YES;
				GCC_WARN_UNUSED_VARIABLE = YES;
				IPHONEOS_DEPLOYMENT_TARGET = 6.0;
				ONLY_ACTIVE_ARCH = YES;
				PROVISIONING_PROFILE = "";
				SDKROOT = iphoneos;
				SUPPORTED_PLATFORMS = iphoneos;
				TARGETED_DEVICE_FAMILY = "1,2";
			};
			name = Debug;
		};
		B66E3E5413E9E79C00D2ACF0 /* Release */ = {
			isa = XCBuildConfiguration;
			buildSettings = {
				ALWAYS_SEARCH_USER_PATHS = NO;
				ARCHS = "$(ARCHS_STANDARD_INCLUDING_64_BIT)";
				CLANG_ENABLE_OBJC_ARC = YES;
				CLANG_WARN_CONSTANT_CONVERSION = YES;
				CLANG_WARN_ENUM_CONVERSION = YES;
				CLANG_WARN_INT_CONVERSION = YES;
				CLANG_WARN__DUPLICATE_METHOD_MATCH = YES;
				CODE_SIGN_IDENTITY = "iPhone Developer";
				COPY_PHASE_STRIP = YES;
				GCC_C_LANGUAGE_STANDARD = gnu99;
				GCC_VERSION = "";
				GCC_WARN_ABOUT_MISSING_PROTOTYPES = YES;
				GCC_WARN_ABOUT_RETURN_TYPE = YES;
				GCC_WARN_UNINITIALIZED_AUTOS = YES;
				GCC_WARN_UNUSED_VARIABLE = YES;
				IPHONEOS_DEPLOYMENT_TARGET = 6.0;
				OTHER_CFLAGS = "-DNS_BLOCK_ASSERTIONS=1";
				PROVISIONING_PROFILE = "";
				SDKROOT = iphoneos;
				SUPPORTED_PLATFORMS = iphoneos;
				TARGETED_DEVICE_FAMILY = "1,2";
				VALIDATE_PRODUCT = YES;
			};
			name = Release;
		};
		B66E3E5613E9E79C00D2ACF0 /* Debug */ = {
			isa = XCBuildConfiguration;
			buildSettings = {
				CODE_SIGN_IDENTITY = "iPhone Developer";
				"CODE_SIGN_IDENTITY[sdk=iphoneos*]" = "iPhone Developer";
				GCC_PRECOMPILE_PREFIX_HEADER = YES;
				GCC_PREFIX_HEADER = "GLVideoFilter/GLVideoFilter-Prefix.pch";
				"GCC_THUMB_SUPPORT[arch=armv6]" = "";
				INFOPLIST_FILE = "$(SRCROOT)/GLVideoFilter/GLVideoFilter-Info.plist";
				IPHONEOS_DEPLOYMENT_TARGET = 6.0;
				PRODUCT_NAME = GLVideoFilter;
				PROVISIONING_PROFILE = "";
				WRAPPER_EXTENSION = app;
			};
			name = Debug;
		};
		B66E3E5713E9E79C00D2ACF0 /* Release */ = {
			isa = XCBuildConfiguration;
			buildSettings = {
				CODE_SIGN_IDENTITY = "iPhone Developer";
				"CODE_SIGN_IDENTITY[sdk=iphoneos*]" = "iPhone Developer";
				GCC_PRECOMPILE_PREFIX_HEADER = YES;
				GCC_PREFIX_HEADER = "GLVideoFilter/GLVideoFilter-Prefix.pch";
				"GCC_THUMB_SUPPORT[arch=armv6]" = "";
				INFOPLIST_FILE = "$(SRCROOT)/GLVideoFilter/GLVideoFilter-Info.plist";
				IPHONEOS_DEPLOYMENT_TARGET = 6.0;
				PRODUCT_NAME = GLVideoFilter;
				PROVISIONING_PROFILE = "";
				WRAPPER_EXTENSION = app;
			};
			name = Release;
		};
/* End XCBuildConfiguration section */

/* Begin XCConfigurationList section */
		B66E3E2813E9E79C00D2ACF0 /* Build configuration list for PBXProject "GLVideoFilter" */ = {
			isa = XCConfigurationList;
			buildConfigurations = (
				B66E3E5313E9E79C00D2ACF0 /* Debug */,
				B66E3E5413E9E79C00D2ACF0 /* Release */,
			);
			defaultConfigurationIsVisible = 0;
			defaultConfigurationName = Release;
		};
		B66E3E5513E9E79C00D2ACF0 /* Build configuration list for PBXNativeTarget "GLVideoFilter" */ = {
			isa = XCConfigurationList;
			buildConfigurations = (
				B66E3E5613E9E79C00D2ACF0 /* Debug */,
				B66E3E5713E9E79C00D2ACF0 /* Release */,
			);
			defaultConfigurationIsVisible = 0;
			defaultConfigurationName = Release;
		};
/* End XCConfigurationList section */
	};
	rootObject = B66E3E2513E9E79C00D2ACF0 /* Project object */;
}
